// !$*UTF8*$!
{
	archiveVersion = 1;
	classes = {
	};
	objectVersion = 50;
	objects = {

/* Begin PBXBuildFile section */
		672623992115819D00E869C5 /* AppDelegate.swift in Sources */ = {isa = PBXBuildFile; fileRef = 672623982115819D00E869C5 /* AppDelegate.swift */; };
		6726239B2115819D00E869C5 /* RootViewController.swift in Sources */ = {isa = PBXBuildFile; fileRef = 6726239A2115819D00E869C5 /* RootViewController.swift */; };
		6726239D2115819D00E869C5 /* DataViewController.swift in Sources */ = {isa = PBXBuildFile; fileRef = 6726239C2115819D00E869C5 /* DataViewController.swift */; };
		6726239F2115819D00E869C5 /* ModelController.swift in Sources */ = {isa = PBXBuildFile; fileRef = 6726239E2115819D00E869C5 /* ModelController.swift */; };
		672623A22115819D00E869C5 /* Main.storyboard in Resources */ = {isa = PBXBuildFile; fileRef = 672623A02115819D00E869C5 /* Main.storyboard */; };
		672623A4211581A400E869C5 /* Assets.xcassets in Resources */ = {isa = PBXBuildFile; fileRef = 672623A3211581A400E869C5 /* Assets.xcassets */; };
		672623A7211581A400E869C5 /* LaunchScreen.storyboard in Resources */ = {isa = PBXBuildFile; fileRef = 672623A5211581A400E869C5 /* LaunchScreen.storyboard */; };
		672623B2211581A400E869C5 /* pageTests.swift in Sources */ = {isa = PBXBuildFile; fileRef = 672623B1211581A400E869C5 /* pageTests.swift */; };
		672623BD211581A400E869C5 /* pageUITests.swift in Sources */ = {isa = PBXBuildFile; fileRef = 672623BC211581A400E869C5 /* pageUITests.swift */; };
/* End PBXBuildFile section */

/* Begin PBXContainerItemProxy section */
		672623AE211581A400E869C5 /* PBXContainerItemProxy */ = {
			isa = PBXContainerItemProxy;
			containerPortal = 6726238D2115819D00E869C5 /* Project object */;
			proxyType = 1;
			remoteGlobalIDString = 672623942115819D00E869C5;
			remoteInfo = page;
		};
		672623B9211581A400E869C5 /* PBXContainerItemProxy */ = {
			isa = PBXContainerItemProxy;
			containerPortal = 6726238D2115819D00E869C5 /* Project object */;
			proxyType = 1;
			remoteGlobalIDString = 672623942115819D00E869C5;
			remoteInfo = page;
		};
/* End PBXContainerItemProxy section */

/* Begin PBXFileReference section */
		672623952115819D00E869C5 /* page.app */ = {isa = PBXFileReference; explicitFileType = wrapper.application; includeInIndex = 0; path = page.app; sourceTree = BUILT_PRODUCTS_DIR; };
		672623982115819D00E869C5 /* AppDelegate.swift */ = {isa = PBXFileReference; lastKnownFileType = sourcecode.swift; path = AppDelegate.swift; sourceTree = "<group>"; };
		6726239A2115819D00E869C5 /* RootViewController.swift */ = {isa = PBXFileReference; lastKnownFileType = sourcecode.swift; path = RootViewController.swift; sourceTree = "<group>"; };
		6726239C2115819D00E869C5 /* DataViewController.swift */ = {isa = PBXFileReference; lastKnownFileType = sourcecode.swift; path = DataViewController.swift; sourceTree = "<group>"; };
		6726239E2115819D00E869C5 /* ModelController.swift */ = {isa = PBXFileReference; lastKnownFileType = sourcecode.swift; path = ModelController.swift; sourceTree = "<group>"; };
		672623A12115819D00E869C5 /* Base */ = {isa = PBXFileReference; lastKnownFileType = file.storyboard; name = Base; path = Base.lproj/Main.storyboard; sourceTree = "<group>"; };
		672623A3211581A400E869C5 /* Assets.xcassets */ = {isa = PBXFileReference; lastKnownFileType = folder.assetcatalog; path = Assets.xcassets; sourceTree = "<group>"; };
		672623A6211581A400E869C5 /* Base */ = {isa = PBXFileReference; lastKnownFileType = file.storyboard; name = Base; path = Base.lproj/LaunchScreen.storyboard; sourceTree = "<group>"; };
		672623A8211581A400E869C5 /* Info.plist */ = {isa = PBXFileReference; lastKnownFileType = text.plist.xml; path = Info.plist; sourceTree = "<group>"; };
		672623AD211581A400E869C5 /* pageTests.xctest */ = {isa = PBXFileReference; explicitFileType = wrapper.cfbundle; includeInIndex = 0; path = pageTests.xctest; sourceTree = BUILT_PRODUCTS_DIR; };
		672623B1211581A400E869C5 /* pageTests.swift */ = {isa = PBXFileReference; lastKnownFileType = sourcecode.swift; path = pageTests.swift; sourceTree = "<group>"; };
		672623B3211581A400E869C5 /* Info.plist */ = {isa = PBXFileReference; lastKnownFileType = text.plist.xml; path = Info.plist; sourceTree = "<group>"; };
		672623B8211581A400E869C5 /* pageUITests.xctest */ = {isa = PBXFileReference; explicitFileType = wrapper.cfbundle; includeInIndex = 0; path = pageUITests.xctest; sourceTree = BUILT_PRODUCTS_DIR; };
		672623BC211581A400E869C5 /* pageUITests.swift */ = {isa = PBXFileReference; lastKnownFileType = sourcecode.swift; path = pageUITests.swift; sourceTree = "<group>"; };
		672623BE211581A400E869C5 /* Info.plist */ = {isa = PBXFileReference; lastKnownFileType = text.plist.xml; path = Info.plist; sourceTree = "<group>"; };
/* End PBXFileReference section */

/* Begin PBXFrameworksBuildPhase section */
		672623922115819D00E869C5 /* Frameworks */ = {
			isa = PBXFrameworksBuildPhase;
			buildActionMask = 2147483647;
			files = (
			);
			runOnlyForDeploymentPostprocessing = 0;
		};
		672623AA211581A400E869C5 /* Frameworks */ = {
			isa = PBXFrameworksBuildPhase;
			buildActionMask = 2147483647;
			files = (
			);
			runOnlyForDeploymentPostprocessing = 0;
		};
		672623B5211581A400E869C5 /* Frameworks */ = {
			isa = PBXFrameworksBuildPhase;
			buildActionMask = 2147483647;
			files = (
			);
			runOnlyForDeploymentPostprocessing = 0;
		};
/* End PBXFrameworksBuildPhase section */

/* Begin PBXGroup section */
		6726238C2115819D00E869C5 = {
			isa = PBXGroup;
			children = (
				672623972115819D00E869C5 /* page */,
				672623B0211581A400E869C5 /* pageTests */,
				672623BB211581A400E869C5 /* pageUITests */,
				672623962115819D00E869C5 /* Products */,
			);
			sourceTree = "<group>";
		};
		672623962115819D00E869C5 /* Products */ = {
			isa = PBXGroup;
			children = (
				672623952115819D00E869C5 /* page.app */,
				672623AD211581A400E869C5 /* pageTests.xctest */,
				672623B8211581A400E869C5 /* pageUITests.xctest */,
			);
			name = Products;
			sourceTree = "<group>";
		};
		672623972115819D00E869C5 /* page */ = {
			isa = PBXGroup;
			children = (
				672623982115819D00E869C5 /* AppDelegate.swift */,
				6726239A2115819D00E869C5 /* RootViewController.swift */,
				6726239C2115819D00E869C5 /* DataViewController.swift */,
				6726239E2115819D00E869C5 /* ModelController.swift */,
				672623A02115819D00E869C5 /* Main.storyboard */,
				672623A3211581A400E869C5 /* Assets.xcassets */,
				672623A5211581A400E869C5 /* LaunchScreen.storyboard */,
				672623A8211581A400E869C5 /* Info.plist */,
			);
			path = page;
			sourceTree = "<group>";
		};
		672623B0211581A400E869C5 /* pageTests */ = {
			isa = PBXGroup;
			children = (
				672623B1211581A400E869C5 /* pageTests.swift */,
				672623B3211581A400E869C5 /* Info.plist */,
			);
			path = pageTests;
			sourceTree = "<group>";
		};
		672623BB211581A400E869C5 /* pageUITests */ = {
			isa = PBXGroup;
			children = (
				672623BC211581A400E869C5 /* pageUITests.swift */,
				672623BE211581A400E869C5 /* Info.plist */,
			);
			path = pageUITests;
			sourceTree = "<group>";
		};
/* End PBXGroup section */

/* Begin PBXNativeTarget section */
		672623942115819D00E869C5 /* page */ = {
			isa = PBXNativeTarget;
			buildConfigurationList = 672623C1211581A400E869C5 /* Build configuration list for PBXNativeTarget "page" */;
			buildPhases = (
				672623912115819D00E869C5 /* Sources */,
				672623922115819D00E869C5 /* Frameworks */,
				672623932115819D00E869C5 /* Resources */,
			);
			buildRules = (
			);
			dependencies = (
			);
			name = page;
			productName = page;
			productReference = 672623952115819D00E869C5 /* page.app */;
			productType = "com.apple.product-type.application";
		};
		672623AC211581A400E869C5 /* pageTests */ = {
			isa = PBXNativeTarget;
			buildConfigurationList = 672623C4211581A400E869C5 /* Build configuration list for PBXNativeTarget "pageTests" */;
			buildPhases = (
				672623A9211581A400E869C5 /* Sources */,
				672623AA211581A400E869C5 /* Frameworks */,
				672623AB211581A400E869C5 /* Resources */,
			);
			buildRules = (
			);
			dependencies = (
				672623AF211581A400E869C5 /* PBXTargetDependency */,
			);
			name = pageTests;
			productName = pageTests;
			productReference = 672623AD211581A400E869C5 /* pageTests.xctest */;
			productType = "com.apple.product-type.bundle.unit-test";
		};
		672623B7211581A400E869C5 /* pageUITests */ = {
			isa = PBXNativeTarget;
			buildConfigurationList = 672623C7211581A400E869C5 /* Build configuration list for PBXNativeTarget "pageUITests" */;
			buildPhases = (
				672623B4211581A400E869C5 /* Sources */,
				672623B5211581A400E869C5 /* Frameworks */,
				672623B6211581A400E869C5 /* Resources */,
			);
			buildRules = (
			);
			dependencies = (
				672623BA211581A400E869C5 /* PBXTargetDependency */,
			);
			name = pageUITests;
			productName = pageUITests;
			productReference = 672623B8211581A400E869C5 /* pageUITests.xctest */;
			productType = "com.apple.product-type.bundle.ui-testing";
		};
/* End PBXNativeTarget section */

/* Begin PBXProject section */
		6726238D2115819D00E869C5 /* Project object */ = {
			isa = PBXProject;
			attributes = {
				LastSwiftUpdateCheck = 0940;
				LastUpgradeCheck = 0940;
				ORGANIZATIONNAME = moonbc;
				TargetAttributes = {
					672623942115819D00E869C5 = {
						CreatedOnToolsVersion = 9.4.1;
					};
					672623AC211581A400E869C5 = {
						CreatedOnToolsVersion = 9.4.1;
						TestTargetID = 672623942115819D00E869C5;
					};
					672623B7211581A400E869C5 = {
						CreatedOnToolsVersion = 9.4.1;
						TestTargetID = 672623942115819D00E869C5;
					};
				};
			};
			buildConfigurationList = 672623902115819D00E869C5 /* Build configuration list for PBXProject "page" */;
			compatibilityVersion = "Xcode 9.3";
			developmentRegion = en;
			hasScannedForEncodings = 0;
			knownRegions = (
				en,
				Base,
			);
			mainGroup = 6726238C2115819D00E869C5;
			productRefGroup = 672623962115819D00E869C5 /* Products */;
			projectDirPath = "";
			projectRoot = "";
			targets = (
				672623942115819D00E869C5 /* page */,
				672623AC211581A400E869C5 /* pageTests */,
				672623B7211581A400E869C5 /* pageUITests */,
			);
		};
/* End PBXProject section */

/* Begin PBXResourcesBuildPhase section */
		672623932115819D00E869C5 /* Resources */ = {
			isa = PBXResourcesBuildPhase;
			buildActionMask = 2147483647;
			files = (
				672623A7211581A400E869C5 /* LaunchScreen.storyboard in Resources */,
				672623A4211581A400E869C5 /* Assets.xcassets in Resources */,
				672623A22115819D00E869C5 /* Main.storyboard in Resources */,
			);
			runOnlyForDeploymentPostprocessing = 0;
		};
		672623AB211581A400E869C5 /* Resources */ = {
			isa = PBXResourcesBuildPhase;
			buildActionMask = 2147483647;
			files = (
			);
			runOnlyForDeploymentPostprocessing = 0;
		};
		672623B6211581A400E869C5 /* Resources */ = {
			isa = PBXResourcesBuildPhase;
			buildActionMask = 2147483647;
			files = (
			);
			runOnlyForDeploymentPostprocessing = 0;
		};
/* End PBXResourcesBuildPhase section */

/* Begin PBXSourcesBuildPhase section */
		672623912115819D00E869C5 /* Sources */ = {
			isa = PBXSourcesBuildPhase;
			buildActionMask = 2147483647;
			files = (
				6726239B2115819D00E869C5 /* RootViewController.swift in Sources */,
				6726239F2115819D00E869C5 /* ModelController.swift in Sources */,
				6726239D2115819D00E869C5 /* DataViewController.swift in Sources */,
				672623992115819D00E869C5 /* AppDelegate.swift in Sources */,
			);
			runOnlyForDeploymentPostprocessing = 0;
		};
		672623A9211581A400E869C5 /* Sources */ = {
			isa = PBXSourcesBuildPhase;
			buildActionMask = 2147483647;
			files = (
				672623B2211581A400E869C5 /* pageTests.swift in Sources */,
			);
			runOnlyForDeploymentPostprocessing = 0;
		};
		672623B4211581A400E869C5 /* Sources */ = {
			isa = PBXSourcesBuildPhase;
			buildActionMask = 2147483647;
			files = (
				672623BD211581A400E869C5 /* pageUITests.swift in Sources */,
			);
			runOnlyForDeploymentPostprocessing = 0;
		};
/* End PBXSourcesBuildPhase section */

/* Begin PBXTargetDependency section */
		672623AF211581A400E869C5 /* PBXTargetDependency */ = {
			isa = PBXTargetDependency;
			target = 672623942115819D00E869C5 /* page */;
			targetProxy = 672623AE211581A400E869C5 /* PBXContainerItemProxy */;
		};
		672623BA211581A400E869C5 /* PBXTargetDependency */ = {
			isa = PBXTargetDependency;
			target = 672623942115819D00E869C5 /* page */;
			targetProxy = 672623B9211581A400E869C5 /* PBXContainerItemProxy */;
		};
/* End PBXTargetDependency section */

/* Begin PBXVariantGroup section */
		672623A02115819D00E869C5 /* Main.storyboard */ = {
			isa = PBXVariantGroup;
			children = (
				672623A12115819D00E869C5 /* Base */,
			);
			name = Main.storyboard;
			sourceTree = "<group>";
		};
		672623A5211581A400E869C5 /* LaunchScreen.storyboard */ = {
			isa = PBXVariantGroup;
			children = (
				672623A6211581A400E869C5 /* Base */,
			);
			name = LaunchScreen.storyboard;
			sourceTree = "<group>";
		};
/* End PBXVariantGroup section */

/* Begin XCBuildConfiguration section */
		672623BF211581A400E869C5 /* Debug */ = {
			isa = XCBuildConfiguration;
			buildSettings = {
				ALWAYS_SEARCH_USER_PATHS = NO;
				CLANG_ANALYZER_NONNULL = YES;
				CLANG_ANALYZER_NUMBER_OBJECT_CONVERSION = YES_AGGRESSIVE;
				CLANG_CXX_LANGUAGE_STANDARD = "gnu++14";
				CLANG_CXX_LIBRARY = "libc++";
				CLANG_ENABLE_MODULES = YES;
				CLANG_ENABLE_OBJC_ARC = YES;
				CLANG_ENABLE_OBJC_WEAK = YES;
				CLANG_WARN_BLOCK_CAPTURE_AUTORELEASING = YES;
				CLANG_WARN_BOOL_CONVERSION = YES;
				CLANG_WARN_COMMA = YES;
				CLANG_WARN_CONSTANT_CONVERSION = YES;
				CLANG_WARN_DEPRECATED_OBJC_IMPLEMENTATIONS = YES;
				CLANG_WARN_DIRECT_OBJC_ISA_USAGE = YES_ERROR;
				CLANG_WARN_DOCUMENTATION_COMMENTS = YES;
				CLANG_WARN_EMPTY_BODY = YES;
				CLANG_WARN_ENUM_CONVERSION = YES;
				CLANG_WARN_INFINITE_RECURSION = YES;
				CLANG_WARN_INT_CONVERSION = YES;
				CLANG_WARN_NON_LITERAL_NULL_CONVERSION = YES;
				CLANG_WARN_OBJC_IMPLICIT_RETAIN_SELF = YES;
				CLANG_WARN_OBJC_LITERAL_CONVERSION = YES;
				CLANG_WARN_OBJC_ROOT_CLASS = YES_ERROR;
				CLANG_WARN_RANGE_LOOP_ANALYSIS = YES;
				CLANG_WARN_STRICT_PROTOTYPES = YES;
				CLANG_WARN_SUSPICIOUS_MOVE = YES;
				CLANG_WARN_UNGUARDED_AVAILABILITY = YES_AGGRESSIVE;
				CLANG_WARN_UNREACHABLE_CODE = YES;
				CLANG_WARN__DUPLICATE_METHOD_MATCH = YES;
				CODE_SIGN_IDENTITY = "iPhone Developer";
				COPY_PHASE_STRIP = NO;
				DEBUG_INFORMATION_FORMAT = dwarf;
				ENABLE_STRICT_OBJC_MSGSEND = YES;
				ENABLE_TESTABILITY = YES;
				GCC_C_LANGUAGE_STANDARD = gnu11;
				GCC_DYNAMIC_NO_PIC = NO;
				GCC_NO_COMMON_BLOCKS = YES;
				GCC_OPTIMIZATION_LEVEL = 0;
				GCC_PREPROCESSOR_DEFINITIONS = (
					"DEBUG=1",
					"$(inherited)",
				);
				GCC_WARN_64_TO_32_BIT_CONVERSION = YES;
				GCC_WARN_ABOUT_RETURN_TYPE = YES_ERROR;
				GCC_WARN_UNDECLARED_SELECTOR = YES;
				GCC_WARN_UNINITIALIZED_AUTOS = YES_AGGRESSIVE;
				GCC_WARN_UNUSED_FUNCTION = YES;
				GCC_WARN_UNUSED_VARIABLE = YES;
				IPHONEOS_DEPLOYMENT_TARGET = 11.4;
				MTL_ENABLE_DEBUG_INFO = YES;
				ONLY_ACTIVE_ARCH = YES;
				SDKROOT = iphoneos;
				SWIFT_ACTIVE_COMPILATION_CONDITIONS = DEBUG;
				SWIFT_OPTIMIZATION_LEVEL = "-Onone";
			};
			name = Debug;
		};
		672623C0211581A400E869C5 /* Release */ = {
			isa = XCBuildConfiguration;
			buildSettings = {
				ALWAYS_SEARCH_USER_PATHS = NO;
				CLANG_ANALYZER_NONNULL = YES;
				CLANG_ANALYZER_NUMBER_OBJECT_CONVERSION = YES_AGGRESSIVE;
				CLANG_CXX_LANGUAGE_STANDARD = "gnu++14";
				CLANG_CXX_LIBRARY = "libc++";
				CLANG_ENABLE_MODULES = YES;
				CLANG_ENABLE_OBJC_ARC = YES;
				CLANG_ENABLE_OBJC_WEAK = YES;
				CLANG_WARN_BLOCK_CAPTURE_AUTORELEASING = YES;
				CLANG_WARN_BOOL_CONVERSION = YES;
				CLANG_WARN_COMMA = YES;
				CLANG_WARN_CONSTANT_CONVERSION = YES;
				CLANG_WARN_DEPRECATED_OBJC_IMPLEMENTATIONS = YES;
				CLANG_WARN_DIRECT_OBJC_ISA_USAGE = YES_ERROR;
				CLANG_WARN_DOCUMENTATION_COMMENTS = YES;
				CLANG_WARN_EMPTY_BODY = YES;
				CLANG_WARN_ENUM_CONVERSION = YES;
				CLANG_WARN_INFINITE_RECURSION = YES;
				CLANG_WARN_INT_CONVERSION = YES;
				CLANG_WARN_NON_LITERAL_NULL_CONVERSION = YES;
				CLANG_WARN_OBJC_IMPLICIT_RETAIN_SELF = YES;
				CLANG_WARN_OBJC_LITERAL_CONVERSION = YES;
				CLANG_WARN_OBJC_ROOT_CLASS = YES_ERROR;
				CLANG_WARN_RANGE_LOOP_ANALYSIS = YES;
				CLANG_WARN_STRICT_PROTOTYPES = YES;
				CLANG_WARN_SUSPICIOUS_MOVE = YES;
				CLANG_WARN_UNGUARDED_AVAILABILITY = YES_AGGRESSIVE;
				CLANG_WARN_UNREACHABLE_CODE = YES;
				CLANG_WARN__DUPLICATE_METHOD_MATCH = YES;
				CODE_SIGN_IDENTITY = "iPhone Developer";
				COPY_PHASE_STRIP = NO;
				DEBUG_INFORMATION_FORMAT = "dwarf-with-dsym";
				ENABLE_NS_ASSERTIONS = NO;
				ENABLE_STRICT_OBJC_MSGSEND = YES;
				GCC_C_LANGUAGE_STANDARD = gnu11;
				GCC_NO_COMMON_BLOCKS = YES;
				GCC_WARN_64_TO_32_BIT_CONVERSION = YES;
				GCC_WARN_ABOUT_RETURN_TYPE = YES_ERROR;
				GCC_WARN_UNDECLARED_SELECTOR = YES;
				GCC_WARN_UNINITIALIZED_AUTOS = YES_AGGRESSIVE;
				GCC_WARN_UNUSED_FUNCTION = YES;
				GCC_WARN_UNUSED_VARIABLE = YES;
				IPHONEOS_DEPLOYMENT_TARGET = 11.4;
				MTL_ENABLE_DEBUG_INFO = NO;
				SDKROOT = iphoneos;
				SWIFT_COMPILATION_MODE = wholemodule;
				SWIFT_OPTIMIZATION_LEVEL = "-O";
				VALIDATE_PRODUCT = YES;
			};
			name = Release;
		};
		672623C2211581A400E869C5 /* Debug */ = {
			isa = XCBuildConfiguration;
			buildSettings = {
				ASSETCATALOG_COMPILER_APPICON_NAME = AppIcon;
				CODE_SIGN_STYLE = Automatic;
				DEVELOPMENT_TEAM = F5BKL52VYG;
				INFOPLIST_FILE = page/Info.plist;
				LD_RUNPATH_SEARCH_PATHS = (
					"$(inherited)",
					"@executable_path/Frameworks",
				);
				PRODUCT_BUNDLE_IDENTIFIER = com.moonbc.page;
				PRODUCT_NAME = "$(TARGET_NAME)";
				SWIFT_VERSION = 4.0;
				TARGETED_DEVICE_FAMILY = "1,2";
			};
			name = Debug;
		};
		672623C3211581A400E869C5 /* Release */ = {
			isa = XCBuildConfiguration;
			buildSettings = {
				ASSETCATALOG_COMPILER_APPICON_NAME = AppIcon;
				CODE_SIGN_STYLE = Automatic;
				DEVELOPMENT_TEAM = F5BKL52VYG;
				INFOPLIST_FILE = page/Info.plist;
				LD_RUNPATH_SEARCH_PATHS = (
					"$(inherited)",
					"@executable_path/Frameworks",
				);
				PRODUCT_BUNDLE_IDENTIFIER = com.moonbc.page;
				PRODUCT_NAME = "$(TARGET_NAME)";
				SWIFT_VERSION = 4.0;
				TARGETED_DEVICE_FAMILY = "1,2";
			};
			name = Release;
		};
		672623C5211581A400E869C5 /* Debug */ = {
			isa = XCBuildConfiguration;
			buildSettings = {
				ALWAYS_EMBED_SWIFT_STANDARD_LIBRARIES = YES;
				BUNDLE_LOADER = "$(TEST_HOST)";
				CODE_SIGN_STYLE = Automatic;
				DEVELOPMENT_TEAM = F5BKL52VYG;
				INFOPLIST_FILE = pageTests/Info.plist;
				LD_RUNPATH_SEARCH_PATHS = (
					"$(inherited)",
					"@executable_path/Frameworks",
					"@loader_path/Frameworks",
				);
				PRODUCT_BUNDLE_IDENTIFIER = com.moonbc.pageTests;
				PRODUCT_NAME = "$(TARGET_NAME)";
				SWIFT_VERSION = 4.0;
				TARGETED_DEVICE_FAMILY = "1,2";
				TEST_HOST = "$(BUILT_PRODUCTS_DIR)/page.app/page";
			};
			name = Debug;
		};
		672623C6211581A400E869C5 /* Release */ = {
			isa = XCBuildConfiguration;
			buildSettings = {
				ALWAYS_EMBED_SWIFT_STANDARD_LIBRARIES = YES;
				BUNDLE_LOADER = "$(TEST_HOST)";
				CODE_SIGN_STYLE = Automatic;
				DEVELOPMENT_TEAM = F5BKL52VYG;
				INFOPLIST_FILE = pageTests/Info.plist;
				LD_RUNPATH_SEARCH_PATHS = (
					"$(inherited)",
					"@executable_path/Frameworks",
					"@loader_path/Frameworks",
				);
				PRODUCT_BUNDLE_IDENTIFIER = com.moonbc.pageTests;
				PRODUCT_NAME = "$(TARGET_NAME)";
				SWIFT_VERSION = 4.0;
				TARGETED_DEVICE_FAMILY = "1,2";
				TEST_HOST = "$(BUILT_PRODUCTS_DIR)/page.app/page";
			};
			name = Release;
		};
		672623C8211581A400E869C5 /* Debug */ = {
			isa = XCBuildConfiguration;
			buildSettings = {
				ALWAYS_EMBED_SWIFT_STANDARD_LIBRARIES = YES;
				CODE_SIGN_STYLE = Automatic;
				DEVELOPMENT_TEAM = F5BKL52VYG;
				INFOPLIST_FILE = pageUITests/Info.plist;
				LD_RUNPATH_SEARCH_PATHS = (
					"$(inherited)",
					"@executable_path/Frameworks",
					"@loader_path/Frameworks",
				);
				PRODUCT_BUNDLE_IDENTIFIER = com.moonbc.pageUITests;
				PRODUCT_NAME = "$(TARGET_NAME)";
				SWIFT_VERSION = 4.0;
				TARGETED_DEVICE_FAMILY = "1,2";
				TEST_TARGET_NAME = page;
			};
			name = Debug;
		};
		672623C9211581A400E869C5 /* Release */ = {
			isa = XCBuildConfiguration;
			buildSettings = {
				ALWAYS_EMBED_SWIFT_STANDARD_LIBRARIES = YES;
				CODE_SIGN_STYLE = Automatic;
				DEVELOPMENT_TEAM = F5BKL52VYG;
				INFOPLIST_FILE = pageUITests/Info.plist;
				LD_RUNPATH_SEARCH_PATHS = (
					"$(inherited)",
					"@executable_path/Frameworks",
					"@loader_path/Frameworks",
				);
				PRODUCT_BUNDLE_IDENTIFIER = com.moonbc.pageUITests;
				PRODUCT_NAME = "$(TARGET_NAME)";
				SWIFT_VERSION = 4.0;
				TARGETED_DEVICE_FAMILY = "1,2";
				TEST_TARGET_NAME = page;
			};
			name = Release;
		};
/* End XCBuildConfiguration section */

/* Begin XCConfigurationList section */
		672623902115819D00E869C5 /* Build configuration list for PBXProject "page" */ = {
			isa = XCConfigurationList;
			buildConfigurations = (
				672623BF211581A400E869C5 /* Debug */,
				672623C0211581A400E869C5 /* Release */,
			);
			defaultConfigurationIsVisible = 0;
			defaultConfigurationName = Release;
		};
		672623C1211581A400E869C5 /* Build configuration list for PBXNativeTarget "page" */ = {
			isa = XCConfigurationList;
			buildConfigurations = (
				672623C2211581A400E869C5 /* Debug */,
				672623C3211581A400E869C5 /* Release */,
			);
			defaultConfigurationIsVisible = 0;
			defaultConfigurationName = Release;
		};
		672623C4211581A400E869C5 /* Build configuration list for PBXNativeTarget "pageTests" */ = {
			isa = XCConfigurationList;
			buildConfigurations = (
				672623C5211581A400E869C5 /* Debug */,
				672623C6211581A400E869C5 /* Release */,
			);
			defaultConfigurationIsVisible = 0;
			defaultConfigurationName = Release;
		};
		672623C7211581A400E869C5 /* Build configuration list for PBXNativeTarget "pageUITests" */ = {
			isa = XCConfigurationList;
			buildConfigurations = (
				672623C8211581A400E869C5 /* Debug */,
				672623C9211581A400E869C5 /* Release */,
			);
			defaultConfigurationIsVisible = 0;
			defaultConfigurationName = Release;
		};
/* End XCConfigurationList section */
	};
	rootObject = 6726238D2115819D00E869C5 /* Project object */;
}
